
Microsoft Visual Studio Solution File, Format Version 12.00
Project("{FAE04EC0-301F-11D3-BF4B-00C04F79EFBC}") = "UmaEventReaderV2", "UmaEventReaderV2\UmaEventReaderV2.csproj", "{A5708061-C9FD-4A7B-9838-3D9A6E060B20}"
EndProject
Project("{FAE04EC0-301F-11D3-BF4B-00C04F79EFBC}") = "UmaEventReaderV2.Models", "UmaEventReaderV2.Models\UmaEventReaderV2.Models.csproj", "{E725A21A-3B67-449A-BC7F-CD5C59C98526}"
EndProject
Project("{FAE04EC0-301F-11D3-BF4B-00C04F79EFBC}") = "UmaEventReaderV2.Services", "UmaEventReaderV2.Services\UmaEventReaderV2.Services.csproj", "{6110AC18-CA47-4A07-82D8-8E2D855CC042}"
EndProject
Project("{FAE04EC0-301F-11D3-BF4B-00C04F79EFBC}") = "UmaEventReaderV2.Abstractions", "UmaEventReaderV2.Abstractions\UmaEventReaderV2.Abstractions.csproj", "{A28D4447-6DB0-4C73-85AF-1DC40C5AAEC4}"
EndProject
Project("{2150E333-8FDC-42A3-9474-1A3956D46DE8}") = "Solution Items", "Solution Items", "{291BB449-C9D1-4389-9990-5FD1557528AF}"
	ProjectSection(SolutionItems) = preProject
		.gitignore = .gitignore
		compose.yaml = compose.yaml
		README.md = README.md
		umaEventData.json = umaEventData.json
	EndProjectSection
EndProject
Project("{FAE04EC0-301F-11D3-BF4B-00C04F79EFBC}") = "UmaEventReaderVs.WinForms", "UmaEventReaderVs.WinForms\UmaEventReaderVs.WinForms.csproj", "{848D01FF-F63A-493A-B5E4-FD69700DAFB0}"
EndProject
Project("{FAE04EC0-301F-11D3-BF4B-00C04F79EFBC}") = "UmaEventReaderV2.Web", "UmaEventReaderV2.Web\UmaEventReaderV2.Web.csproj", "{FB644A20-0870-42F4-9D31-D24F6011FBF6}"
EndProject
Project("{FAE04EC0-301F-11D3-BF4B-00C04F79EFBC}") = "UmaEventReaderV2.WebClient", "UmaEventReaderV2.WebClient\UmaEventReaderV2.WebClient.csproj", "{15085BA8-255A-4BE7-A7FE-E41D0557BCB4}"
EndProject
Global
	GlobalSection(SolutionConfigurationPlatforms) = preSolution
		Debug|Any CPU = Debug|Any CPU
		Release|Any CPU = Release|Any CPU
	EndGlobalSection
	GlobalSection(ProjectConfigurationPlatforms) = postSolution
		{A5708061-C9FD-4A7B-9838-3D9A6E060B20}.Debug|Any CPU.ActiveCfg = Debug|Any CPU
		{A5708061-C9FD-4A7B-9838-3D9A6E060B20}.Debug|Any CPU.Build.0 = Debug|Any CPU
		{A5708061-C9FD-4A7B-9838-3D9A6E060B20}.Release|Any CPU.ActiveCfg = Release|Any CPU
		{A5708061-C9FD-4A7B-9838-3D9A6E060B20}.Release|Any CPU.Build.0 = Release|Any CPU
		{E725A21A-3B67-449A-BC7F-CD5C59C98526}.Debug|Any CPU.ActiveCfg = Debug|Any CPU
		{E725A21A-3B67-449A-BC7F-CD5C59C98526}.Debug|Any CPU.Build.0 = Debug|Any CPU
		{E725A21A-3B67-449A-BC7F-CD5C59C98526}.Release|Any CPU.ActiveCfg = Release|Any CPU
		{E725A21A-3B67-449A-BC7F-CD5C59C98526}.Release|Any CPU.Build.0 = Release|Any CPU
		{6110AC18-CA47-4A07-82D8-8E2D855CC042}.Debug|Any CPU.ActiveCfg = Debug|Any CPU
		{6110AC18-CA47-4A07-82D8-8E2D855CC042}.Debug|Any CPU.Build.0 = Debug|Any CPU
		{6110AC18-CA47-4A07-82D8-8E2D855CC042}.Release|Any CPU.ActiveCfg = Release|Any CPU
		{6110AC18-CA47-4A07-82D8-8E2D855CC042}.Release|Any CPU.Build.0 = Release|Any CPU
		{A28D4447-6DB0-4C73-85AF-1DC40C5AAEC4}.Debug|Any CPU.ActiveCfg = Debug|Any CPU
		{A28D4447-6DB0-4C73-85AF-1DC40C5AAEC4}.Debug|Any CPU.Build.0 = Debug|Any CPU
		{A28D4447-6DB0-4C73-85AF-1DC40C5AAEC4}.Release|Any CPU.ActiveCfg = Release|Any CPU
		{A28D4447-6DB0-4C73-85AF-1DC40C5AAEC4}.Release|Any CPU.Build.0 = Release|Any CPU
		{848D01FF-F63A-493A-B5E4-FD69700DAFB0}.Debug|Any CPU.ActiveCfg = Debug|Any CPU
		{848D01FF-F63A-493A-B5E4-FD69700DAFB0}.Debug|Any CPU.Build.0 = Debug|Any CPU
		{848D01FF-F63A-493A-B5E4-FD69700DAFB0}.Release|Any CPU.ActiveCfg = Release|Any CPU
		{848D01FF-F63A-493A-B5E4-FD69700DAFB0}.Release|Any CPU.Build.0 = Release|Any CPU
		{4B08EAB3-6EDF-4978-955A-92FD8AAAA90F}.Debug|Any CPU.ActiveCfg = Debug|Any CPU
		{4B08EAB3-6EDF-4978-955A-92FD8AAAA90F}.Debug|Any CPU.Build.0 = Debug|Any CPU
		{4B08EAB3-6EDF-4978-955A-92FD8AAAA90F}.Release|Any CPU.ActiveCfg = Release|Any CPU
		{4B08EAB3-6EDF-4978-955A-92FD8AAAA90F}.Release|Any CPU.Build.0 = Release|Any CPU
		{FB644A20-0870-42F4-9D31-D24F6011FBF6}.Debug|Any CPU.ActiveCfg = Debug|Any CPU
		{FB644A20-0870-42F4-9D31-D24F6011FBF6}.Debug|Any CPU.Build.0 = Debug|Any CPU
		{FB644A20-0870-42F4-9D31-D24F6011FBF6}.Release|Any CPU.ActiveCfg = Release|Any CPU
		{FB644A20-0870-42F4-9D31-D24F6011FBF6}.Release|Any CPU.Build.0 = Release|Any CPU
		{15085BA8-255A-4BE7-A7FE-E41D0557BCB4}.Debug|Any CPU.ActiveCfg = Debug|Any CPU
		{15085BA8-255A-4BE7-A7FE-E41D0557BCB4}.Debug|Any CPU.Build.0 = Debug|Any CPU
		{15085BA8-255A-4BE7-A7FE-E41D0557BCB4}.Release|Any CPU.ActiveCfg = Release|Any CPU
		{15085BA8-255A-4BE7-A7FE-E41D0557BCB4}.Release|Any CPU.Build.0 = Release|Any CPU
		{B7FDD0EF-268F-4519-8ECB-94AE63190510}.Debug|Any CPU.ActiveCfg = Debug|Any CPU
		{B7FDD0EF-268F-4519-8ECB-94AE63190510}.Debug|Any CPU.Build.0 = Debug|Any CPU
		{B7FDD0EF-268F-4519-8ECB-94AE63190510}.Release|Any CPU.ActiveCfg = Release|Any CPU
		{B7FDD0EF-268F-4519-8ECB-94AE63190510}.Release|Any CPU.Build.0 = Release|Any CPU
	EndGlobalSection
EndGlobal
